{
  "name": "sheepmusic-app",
  "version": "0.0.1",
  "lockfileVersion": 1,
  "requires": true,
  "dependencies": {
    "vuex-router-sync": {
      "version": "5.0.0",
      "resolved": "https://registry.npmjs.org/vuex-router-sync/-/vuex-router-sync-5.0.0.tgz",
      "integrity": "sha512-Mry2sO4kiAG64714X1CFpTA/shUH1DmkZ26DFDtwoM/yyx6OtMrc+MxrU+7vvbNLO9LSpgwkiJ8W+rlmRtsM+w=="
    }
  }
}
